// !$*UTF8*$!
{
	archiveVersion = 1;
	classes = {
	};
	objectVersion = 50;
	objects = {

/* Begin PBXBuildFile section */
		05115C8C2450776100579EE0 /* AppDelegate.swift in Sources */ = {isa = PBXBuildFile; fileRef = 05115C8B2450776100579EE0 /* AppDelegate.swift */; };
		05115C8E2450776100579EE0 /* SceneDelegate.swift in Sources */ = {isa = PBXBuildFile; fileRef = 05115C8D2450776100579EE0 /* SceneDelegate.swift */; };
		05115C902450776100579EE0 /* ViewController.swift in Sources */ = {isa = PBXBuildFile; fileRef = 05115C8F2450776100579EE0 /* ViewController.swift */; };
		05115C932450776100579EE0 /* Main.storyboard in Resources */ = {isa = PBXBuildFile; fileRef = 05115C912450776100579EE0 /* Main.storyboard */; };
		05115C962450776100579EE0 /* CurrencyExchangeCalculator.xcdatamodeld in Sources */ = {isa = PBXBuildFile; fileRef = 05115C942450776100579EE0 /* CurrencyExchangeCalculator.xcdatamodeld */; };
		05115C982450776200579EE0 /* Assets.xcassets in Resources */ = {isa = PBXBuildFile; fileRef = 05115C972450776200579EE0 /* Assets.xcassets */; };
		05115C9B2450776200579EE0 /* LaunchScreen.storyboard in Resources */ = {isa = PBXBuildFile; fileRef = 05115C992450776200579EE0 /* LaunchScreen.storyboard */; };
/* End PBXBuildFile section */

/* Begin PBXFileReference section */
		05115C882450776100579EE0 /* CurrencyExchangeCalculator.app */ = {isa = PBXFileReference; explicitFileType = wrapper.application; includeInIndex = 0; path = CurrencyExchangeCalculator.app; sourceTree = BUILT_PRODUCTS_DIR; };
		05115C8B2450776100579EE0 /* AppDelegate.swift */ = {isa = PBXFileReference; lastKnownFileType = sourcecode.swift; path = AppDelegate.swift; sourceTree = "<group>"; };
		05115C8D2450776100579EE0 /* SceneDelegate.swift */ = {isa = PBXFileReference; lastKnownFileType = sourcecode.swift; path = SceneDelegate.swift; sourceTree = "<group>"; };
		05115C8F2450776100579EE0 /* ViewController.swift */ = {isa = PBXFileReference; lastKnownFileType = sourcecode.swift; path = ViewController.swift; sourceTree = "<group>"; };
		05115C922450776100579EE0 /* Base */ = {isa = PBXFileReference; lastKnownFileType = file.storyboard; name = Base; path = Base.lproj/Main.storyboard; sourceTree = "<group>"; };
		05115C952450776100579EE0 /* CurrencyExchangeCalculator.xcdatamodel */ = {isa = PBXFileReference; lastKnownFileType = wrapper.xcdatamodel; path = CurrencyExchangeCalculator.xcdatamodel; sourceTree = "<group>"; };
		05115C972450776200579EE0 /* Assets.xcassets */ = {isa = PBXFileReference; lastKnownFileType = folder.assetcatalog; path = Assets.xcassets; sourceTree = "<group>"; };
		05115C9A2450776200579EE0 /* Base */ = {isa = PBXFileReference; lastKnownFileType = file.storyboard; name = Base; path = Base.lproj/LaunchScreen.storyboard; sourceTree = "<group>"; };
		05115C9C2450776200579EE0 /* Info.plist */ = {isa = PBXFileReference; lastKnownFileType = text.plist.xml; path = Info.plist; sourceTree = "<group>"; };
/* End PBXFileReference section */

/* Begin PBXFrameworksBuildPhase section */
		05115C852450776100579EE0 /* Frameworks */ = {
			isa = PBXFrameworksBuildPhase;
			buildActionMask = 2147483647;
			files = (
			);
			runOnlyForDeploymentPostprocessing = 0;
		};
/* End PBXFrameworksBuildPhase section */

/* Begin PBXGroup section */
		05115C7F2450776100579EE0 = {
			isa = PBXGroup;
			children = (
				05115C8A2450776100579EE0 /* CurrencyExchangeCalculator */,
				05115C892450776100579EE0 /* Products */,
			);
			sourceTree = "<group>";
		};
		05115C892450776100579EE0 /* Products */ = {
			isa = PBXGroup;
			children = (
				05115C882450776100579EE0 /* CurrencyExchangeCalculator.app */,
			);
			name = Products;
			sourceTree = "<group>";
		};
		05115C8A2450776100579EE0 /* CurrencyExchangeCalculator */ = {
			isa = PBXGroup;
			children = (
				05115C8B2450776100579EE0 /* AppDelegate.swift */,
				05115C8D2450776100579EE0 /* SceneDelegate.swift */,
				05115C8F2450776100579EE0 /* ViewController.swift */,
				05115C912450776100579EE0 /* Main.storyboard */,
				05115C972450776200579EE0 /* Assets.xcassets */,
				05115C992450776200579EE0 /* LaunchScreen.storyboard */,
				05115C9C2450776200579EE0 /* Info.plist */,
				05115C942450776100579EE0 /* CurrencyExchangeCalculator.xcdatamodeld */,
			);
			path = CurrencyExchangeCalculator;
			sourceTree = "<group>";
		};
/* End PBXGroup section */

/* Begin PBXNativeTarget section */
		05115C872450776100579EE0 /* CurrencyExchangeCalculator */ = {
			isa = PBXNativeTarget;
			buildConfigurationList = 05115C9F2450776200579EE0 /* Build configuration list for PBXNativeTarget "CurrencyExchangeCalculator" */;
			buildPhases = (
				05115C842450776100579EE0 /* Sources */,
				05115C852450776100579EE0 /* Frameworks */,
				05115C862450776100579EE0 /* Resources */,
			);
			buildRules = (
			);
			dependencies = (
			);
			name = CurrencyExchangeCalculator;
			productName = CurrencyExchangeCalculator;
			productReference = 05115C882450776100579EE0 /* CurrencyExchangeCalculator.app */;
			productType = "com.apple.product-type.application";
		};
/* End PBXNativeTarget section */

/* Begin PBXProject section */
		05115C802450776100579EE0 /* Project object */ = {
			isa = PBXProject;
			attributes = {
				LastSwiftUpdateCheck = 1140;
				LastUpgradeCheck = 1140;
				ORGANIZATIONNAME = "Tymon Golęba Frygies";
				TargetAttributes = {
					05115C872450776100579EE0 = {
						CreatedOnToolsVersion = 11.4.1;
					};
				};
			};
			buildConfigurationList = 05115C832450776100579EE0 /* Build configuration list for PBXProject "CurrencyExchangeCalculator" */;
			compatibilityVersion = "Xcode 9.3";
			developmentRegion = en;
			hasScannedForEncodings = 0;
			knownRegions = (
				en,
				Base,
			);
			mainGroup = 05115C7F2450776100579EE0;
			productRefGroup = 05115C892450776100579EE0 /* Products */;
			projectDirPath = "";
			projectRoot = "";
			targets = (
				05115C872450776100579EE0 /* CurrencyExchangeCalculator */,
			);
		};
/* End PBXProject section */

/* Begin PBXResourcesBuildPhase section */
		05115C862450776100579EE0 /* Resources */ = {
			isa = PBXResourcesBuildPhase;
			buildActionMask = 2147483647;
			files = (
				05115C9B2450776200579EE0 /* LaunchScreen.storyboard in Resources */,
				05115C982450776200579EE0 /* Assets.xcassets in Resources */,
				05115C932450776100579EE0 /* Main.storyboard in Resources */,
			);
			runOnlyForDeploymentPostprocessing = 0;
		};
/* End PBXResourcesBuildPhase section */

/* Begin PBXSourcesBuildPhase section */
		05115C842450776100579EE0 /* Sources */ = {
			isa = PBXSourcesBuildPhase;
			buildActionMask = 2147483647;
			files = (
				05115C902450776100579EE0 /* ViewController.swift in Sources */,
				05115C8C2450776100579EE0 /* AppDelegate.swift in Sources */,
				05115C8E2450776100579EE0 /* SceneDelegate.swift in Sources */,
				05115C962450776100579EE0 /* CurrencyExchangeCalculator.xcdatamodeld in Sources */,
			);
			runOnlyForDeploymentPostprocessing = 0;
		};
/* End PBXSourcesBuildPhase section */

/* Begin PBXVariantGroup section */
		05115C912450776100579EE0 /* Main.storyboard */ = {
			isa = PBXVariantGroup;
			children = (
				05115C922450776100579EE0 /* Base */,
			);
			name = Main.storyboard;
			sourceTree = "<group>";
		};
		05115C992450776200579EE0 /* LaunchScreen.storyboard */ = {
			isa = PBXVariantGroup;
			children = (
				05115C9A2450776200579EE0 /* Base */,
			);
			name = LaunchScreen.storyboard;
			sourceTree = "<group>";
		};
/* End PBXVariantGroup section */

/* Begin XCBuildConfiguration section */
		05115C9D2450776200579EE0 /* Debug */ = {
			isa = XCBuildConfiguration;
			buildSettings = {
				ALWAYS_SEARCH_USER_PATHS = NO;
				CLANG_ANALYZER_NONNULL = YES;
				CLANG_ANALYZER_NUMBER_OBJECT_CONVERSION = YES_AGGRESSIVE;
				CLANG_CXX_LANGUAGE_STANDARD = "gnu++14";
				CLANG_CXX_LIBRARY = "libc++";
				CLANG_ENABLE_MODULES = YES;
				CLANG_ENABLE_OBJC_ARC = YES;
				CLANG_ENABLE_OBJC_WEAK = YES;
				CLANG_WARN_BLOCK_CAPTURE_AUTORELEASING = YES;
				CLANG_WARN_BOOL_CONVERSION = YES;
				CLANG_WARN_COMMA = YES;
				CLANG_WARN_CONSTANT_CONVERSION = YES;
				CLANG_WARN_DEPRECATED_OBJC_IMPLEMENTATIONS = YES;
				CLANG_WARN_DIRECT_OBJC_ISA_USAGE = YES_ERROR;
				CLANG_WARN_DOCUMENTATION_COMMENTS = YES;
				CLANG_WARN_EMPTY_BODY = YES;
				CLANG_WARN_ENUM_CONVERSION = YES;
				CLANG_WARN_INFINITE_RECURSION = YES;
				CLANG_WARN_INT_CONVERSION = YES;
				CLANG_WARN_NON_LITERAL_NULL_CONVERSION = YES;
				CLANG_WARN_OBJC_IMPLICIT_RETAIN_SELF = YES;
				CLANG_WARN_OBJC_LITERAL_CONVERSION = YES;
				CLANG_WARN_OBJC_ROOT_CLASS = YES_ERROR;
				CLANG_WARN_RANGE_LOOP_ANALYSIS = YES;
				CLANG_WARN_STRICT_PROTOTYPES = YES;
				CLANG_WARN_SUSPICIOUS_MOVE = YES;
				CLANG_WARN_UNGUARDED_AVAILABILITY = YES_AGGRESSIVE;
				CLANG_WARN_UNREACHABLE_CODE = YES;
				CLANG_WARN__DUPLICATE_METHOD_MATCH = YES;
				COPY_PHASE_STRIP = NO;
				DEBUG_INFORMATION_FORMAT = dwarf;
				ENABLE_STRICT_OBJC_MSGSEND = YES;
				ENABLE_TESTABILITY = YES;
				GCC_C_LANGUAGE_STANDARD = gnu11;
				GCC_DYNAMIC_NO_PIC = NO;
				GCC_NO_COMMON_BLOCKS = YES;
				GCC_OPTIMIZATION_LEVEL = 0;
				GCC_PREPROCESSOR_DEFINITIONS = (
					"DEBUG=1",
					"$(inherited)",
				);
				GCC_WARN_64_TO_32_BIT_CONVERSION = YES;
				GCC_WARN_ABOUT_RETURN_TYPE = YES_ERROR;
				GCC_WARN_UNDECLARED_SELECTOR = YES;
				GCC_WARN_UNINITIALIZED_AUTOS = YES_AGGRESSIVE;
				GCC_WARN_UNUSED_FUNCTION = YES;
				GCC_WARN_UNUSED_VARIABLE = YES;
				IPHONEOS_DEPLOYMENT_TARGET = 13.4;
				MTL_ENABLE_DEBUG_INFO = INCLUDE_SOURCE;
				MTL_FAST_MATH = YES;
				ONLY_ACTIVE_ARCH = YES;
				SDKROOT = iphoneos;
				SWIFT_ACTIVE_COMPILATION_CONDITIONS = DEBUG;
				SWIFT_OPTIMIZATION_LEVEL = "-Onone";
			};
			name = Debug;
		};
		05115C9E2450776200579EE0 /* Release */ = {
			isa = XCBuildConfiguration;
			buildSettings = {
				ALWAYS_SEARCH_USER_PATHS = NO;
				CLANG_ANALYZER_NONNULL = YES;
				CLANG_ANALYZER_NUMBER_OBJECT_CONVERSION = YES_AGGRESSIVE;
				CLANG_CXX_LANGUAGE_STANDARD = "gnu++14";
				CLANG_CXX_LIBRARY = "libc++";
				CLANG_ENABLE_MODULES = YES;
				CLANG_ENABLE_OBJC_ARC = YES;
				CLANG_ENABLE_OBJC_WEAK = YES;
				CLANG_WARN_BLOCK_CAPTURE_AUTORELEASING = YES;
				CLANG_WARN_BOOL_CONVERSION = YES;
				CLANG_WARN_COMMA = YES;
				CLANG_WARN_CONSTANT_CONVERSION = YES;
				CLANG_WARN_DEPRECATED_OBJC_IMPLEMENTATIONS = YES;
				CLANG_WARN_DIRECT_OBJC_ISA_USAGE = YES_ERROR;
				CLANG_WARN_DOCUMENTATION_COMMENTS = YES;
				CLANG_WARN_EMPTY_BODY = YES;
				CLANG_WARN_ENUM_CONVERSION = YES;
				CLANG_WARN_INFINITE_RECURSION = YES;
				CLANG_WARN_INT_CONVERSION = YES;
				CLANG_WARN_NON_LITERAL_NULL_CONVERSION = YES;
				CLANG_WARN_OBJC_IMPLICIT_RETAIN_SELF = YES;
				CLANG_WARN_OBJC_LITERAL_CONVERSION = YES;
				CLANG_WARN_OBJC_ROOT_CLASS = YES_ERROR;
				CLANG_WARN_RANGE_LOOP_ANALYSIS = YES;
				CLANG_WARN_STRICT_PROTOTYPES = YES;
				CLANG_WARN_SUSPICIOUS_MOVE = YES;
				CLANG_WARN_UNGUARDED_AVAILABILITY = YES_AGGRESSIVE;
				CLANG_WARN_UNREACHABLE_CODE = YES;
				CLANG_WARN__DUPLICATE_METHOD_MATCH = YES;
				COPY_PHASE_STRIP = NO;
				DEBUG_INFORMATION_FORMAT = "dwarf-with-dsym";
				ENABLE_NS_ASSERTIONS = NO;
				ENABLE_STRICT_OBJC_MSGSEND = YES;
				GCC_C_LANGUAGE_STANDARD = gnu11;
				GCC_NO_COMMON_BLOCKS = YES;
				GCC_WARN_64_TO_32_BIT_CONVERSION = YES;
				GCC_WARN_ABOUT_RETURN_TYPE = YES_ERROR;
				GCC_WARN_UNDECLARED_SELECTOR = YES;
				GCC_WARN_UNINITIALIZED_AUTOS = YES_AGGRESSIVE;
				GCC_WARN_UNUSED_FUNCTION = YES;
				GCC_WARN_UNUSED_VARIABLE = YES;
				IPHONEOS_DEPLOYMENT_TARGET = 13.4;
				MTL_ENABLE_DEBUG_INFO = NO;
				MTL_FAST_MATH = YES;
				SDKROOT = iphoneos;
				SWIFT_COMPILATION_MODE = wholemodule;
				SWIFT_OPTIMIZATION_LEVEL = "-O";
				VALIDATE_PRODUCT = YES;
			};
			name = Release;
		};
		05115CA02450776200579EE0 /* Debug */ = {
			isa = XCBuildConfiguration;
			buildSettings = {
				ASSETCATALOG_COMPILER_APPICON_NAME = AppIcon;
				CODE_SIGN_STYLE = Automatic;
				DEVELOPMENT_TEAM = 8728Y2F6Z4;
				INFOPLIST_FILE = CurrencyExchangeCalculator/Info.plist;
				LD_RUNPATH_SEARCH_PATHS = (
					"$(inherited)",
					"@executable_path/Frameworks",
				);
				PRODUCT_BUNDLE_IDENTIFIER = com.TymonGolebaFrygies.CurrencyExchangeCalculator;
				PRODUCT_NAME = "$(TARGET_NAME)";
				SWIFT_VERSION = 5.0;
				TARGETED_DEVICE_FAMILY = "1,2";
			};
			name = Debug;
		};
		05115CA12450776200579EE0 /* Release */ = {
			isa = XCBuildConfiguration;
			buildSettings = {
				ASSETCATALOG_COMPILER_APPICON_NAME = AppIcon;
				CODE_SIGN_STYLE = Automatic;
				DEVELOPMENT_TEAM = 8728Y2F6Z4;
				INFOPLIST_FILE = CurrencyExchangeCalculator/Info.plist;
				LD_RUNPATH_SEARCH_PATHS = (
					"$(inherited)",
					"@executable_path/Frameworks",
				);
				PRODUCT_BUNDLE_IDENTIFIER = com.TymonGolebaFrygies.CurrencyExchangeCalculator;
				PRODUCT_NAME = "$(TARGET_NAME)";
				SWIFT_VERSION = 5.0;
				TARGETED_DEVICE_FAMILY = "1,2";
			};
			name = Release;
		};
/* End XCBuildConfiguration section */

/* Begin XCConfigurationList section */
		05115C832450776100579EE0 /* Build configuration list for PBXProject "CurrencyExchangeCalculator" */ = {
			isa = XCConfigurationList;
			buildConfigurations = (
				05115C9D2450776200579EE0 /* Debug */,
				05115C9E2450776200579EE0 /* Release */,
			);
			defaultConfigurationIsVisible = 0;
			defaultConfigurationName = Release;
		};
		05115C9F2450776200579EE0 /* Build configuration list for PBXNativeTarget "CurrencyExchangeCalculator" */ = {
			isa = XCConfigurationList;
			buildConfigurations = (
				05115CA02450776200579EE0 /* Debug */,
				05115CA12450776200579EE0 /* Release */,
			);
			defaultConfigurationIsVisible = 0;
			defaultConfigurationName = Release;
		};
/* End XCConfigurationList section */

/* Begin XCVersionGroup section */
		05115C942450776100579EE0 /* CurrencyExchangeCalculator.xcdatamodeld */ = {
			isa = XCVersionGroup;
			children = (
				05115C952450776100579EE0 /* CurrencyExchangeCalculator.xcdatamodel */,
			);
			currentVersion = 05115C952450776100579EE0 /* CurrencyExchangeCalculator.xcdatamodel */;
			path = CurrencyExchangeCalculator.xcdatamodeld;
			sourceTree = "<group>";
			versionGroupType = wrapper.xcdatamodel;
		};
/* End XCVersionGroup section */
	};
	rootObject = 05115C802450776100579EE0 /* Project object */;
}
